
Microsoft Visual Studio Solution File, Format Version 11.00
# Visual Studio 2010
Project("{FAE04EC0-301F-11D3-BF4B-00C04F79EFBC}") = "ConsoleApplication1", "ConsoleApplication1\ConsoleApplication1.csproj", "{7F2190E4-B900-44CB-92CE-6C5AD85D9F11}"
EndProject
Project("{FAE04EC0-301F-11D3-BF4B-00C04F79EFBC}") = "TestAdd", "TestAdd\TestAdd.csproj", "{4AB49449-4CA4-4B9D-A6FA-D2707DB9557C}"
EndProject
Project("{2150E333-8FDC-42A3-9474-1A3956D46DE8}") = "Solution Items", "Solution Items", "{0EA9B91A-FE39-43F9-A689-AEE305E8B21B}"
	ProjectSection(SolutionItems) = preProject
		ConsoleApplication1.vsmdi = ConsoleApplication1.vsmdi
		Local.testsettings = Local.testsettings
		TraceAndTestImpact.testsettings = TraceAndTestImpact.testsettings
	EndProjectSection
EndProject
Project("{FAE04EC0-301F-11D3-BF4B-00C04F79EFBC}") = "TestProject1", "TestProject1\TestProject1.csproj", "{C8994E63-A485-4AF7-B61A-49B3C1C29D7D}"
EndProject
Global
	GlobalSection(TestCaseManagementSettings) = postSolution
		CategoryFile = ConsoleApplication1.vsmdi
	EndGlobalSection
	GlobalSection(SolutionConfigurationPlatforms) = preSolution
		Debug|Any CPU = Debug|Any CPU
		Debug|Mixed Platforms = Debug|Mixed Platforms
		Debug|x86 = Debug|x86
		Release|Any CPU = Release|Any CPU
		Release|Mixed Platforms = Release|Mixed Platforms
		Release|x86 = Release|x86
	EndGlobalSection
	GlobalSection(ProjectConfigurationPlatforms) = postSolution
		{7F2190E4-B900-44CB-92CE-6C5AD85D9F11}.Debug|Any CPU.ActiveCfg = Debug|x86
		{7F2190E4-B900-44CB-92CE-6C5AD85D9F11}.Debug|Mixed Platforms.ActiveCfg = Debug|x86
		{7F2190E4-B900-44CB-92CE-6C5AD85D9F11}.Debug|Mixed Platforms.Build.0 = Debug|x86
		{7F2190E4-B900-44CB-92CE-6C5AD85D9F11}.Debug|x86.ActiveCfg = Debug|x86
		{7F2190E4-B900-44CB-92CE-6C5AD85D9F11}.Debug|x86.Build.0 = Debug|x86
		{7F2190E4-B900-44CB-92CE-6C5AD85D9F11}.Release|Any CPU.ActiveCfg = Release|x86
		{7F2190E4-B900-44CB-92CE-6C5AD85D9F11}.Release|Mixed Platforms.ActiveCfg = Release|x86
		{7F2190E4-B900-44CB-92CE-6C5AD85D9F11}.Release|Mixed Platforms.Build.0 = Release|x86
		{7F2190E4-B900-44CB-92CE-6C5AD85D9F11}.Release|x86.ActiveCfg = Release|x86
		{7F2190E4-B900-44CB-92CE-6C5AD85D9F11}.Release|x86.Build.0 = Release|x86
		{4AB49449-4CA4-4B9D-A6FA-D2707DB9557C}.Debug|Any CPU.ActiveCfg = Debug|Any CPU
		{4AB49449-4CA4-4B9D-A6FA-D2707DB9557C}.Debug|Any CPU.Build.0 = Debug|Any CPU
		{4AB49449-4CA4-4B9D-A6FA-D2707DB9557C}.Debug|Mixed Platforms.ActiveCfg = Debug|Any CPU
		{4AB49449-4CA4-4B9D-A6FA-D2707DB9557C}.Debug|Mixed Platforms.Build.0 = Debug|Any CPU
		{4AB49449-4CA4-4B9D-A6FA-D2707DB9557C}.Debug|x86.ActiveCfg = Debug|Any CPU
		{4AB49449-4CA4-4B9D-A6FA-D2707DB9557C}.Release|Any CPU.ActiveCfg = Release|Any CPU
		{4AB49449-4CA4-4B9D-A6FA-D2707DB9557C}.Release|Any CPU.Build.0 = Release|Any CPU
		{4AB49449-4CA4-4B9D-A6FA-D2707DB9557C}.Release|Mixed Platforms.ActiveCfg = Release|Any CPU
		{4AB49449-4CA4-4B9D-A6FA-D2707DB9557C}.Release|Mixed Platforms.Build.0 = Release|Any CPU
		{4AB49449-4CA4-4B9D-A6FA-D2707DB9557C}.Release|x86.ActiveCfg = Release|Any CPU
		{C8994E63-A485-4AF7-B61A-49B3C1C29D7D}.Debug|Any CPU.ActiveCfg = Debug|Any CPU
		{C8994E63-A485-4AF7-B61A-49B3C1C29D7D}.Debug|Any CPU.Build.0 = Debug|Any CPU
		{C8994E63-A485-4AF7-B61A-49B3C1C29D7D}.Debug|Mixed Platforms.ActiveCfg = Debug|Any CPU
		{C8994E63-A485-4AF7-B61A-49B3C1C29D7D}.Debug|Mixed Platforms.Build.0 = Debug|Any CPU
		{C8994E63-A485-4AF7-B61A-49B3C1C29D7D}.Debug|x86.ActiveCfg = Debug|Any CPU
		{C8994E63-A485-4AF7-B61A-49B3C1C29D7D}.Release|Any CPU.ActiveCfg = Release|Any CPU
		{C8994E63-A485-4AF7-B61A-49B3C1C29D7D}.Release|Any CPU.Build.0 = Release|Any CPU
		{C8994E63-A485-4AF7-B61A-49B3C1C29D7D}.Release|Mixed Platforms.ActiveCfg = Release|Any CPU
		{C8994E63-A485-4AF7-B61A-49B3C1C29D7D}.Release|Mixed Platforms.Build.0 = Release|Any CPU
		{C8994E63-A485-4AF7-B61A-49B3C1C29D7D}.Release|x86.ActiveCfg = Release|Any CPU
	EndGlobalSection
	GlobalSection(SolutionProperties) = preSolution
		HideSolutionNode = FALSE
	EndGlobalSection
EndGlobal
